
Microsoft Visual Studio Solution File, Format Version 12.00
# Visual Studio 15
VisualStudioVersion = 15.0.28307.852
MinimumVisualStudioVersion = 10.0.40219.1
Project("{E24C65DC-7377-472B-9ABA-BC803B73C61A}") = "ThanhSoft 20", ".", "{8CC59FE3-6417-4757-A013-98F2D1158248}"
	ProjectSection(WebsiteProperties) = preProject
		TargetFrameworkMoniker = ".NETFramework,Version%3Dv3.5"
		Debug.AspNetCompiler.VirtualPath = "/ThanhSoft 10"
		Debug.AspNetCompiler.PhysicalPath = "D:\Kỳ VI\Project 4\DU AN\ThanhSoft 10\"
		Debug.AspNetCompiler.TargetPath = "PrecompiledWeb\ThanhSoft 10\"
		Debug.AspNetCompiler.Updateable = "true"
		Debug.AspNetCompiler.ForceOverwrite = "true"
		Debug.AspNetCompiler.FixedNames = "false"
		Debug.AspNetCompiler.Debug = "True"
		Release.AspNetCompiler.VirtualPath = "/ThanhSoft 10"
		Release.AspNetCompiler.PhysicalPath = "D:\Kỳ VI\Project 4\DU AN\ThanhSoft 10\"
		Release.AspNetCompiler.TargetPath = "PrecompiledWeb\ThanhSoft 10\"
		Release.AspNetCompiler.Updateable = "true"
		Release.AspNetCompiler.ForceOverwrite = "true"
		Release.AspNetCompiler.FixedNames = "false"
		Release.AspNetCompiler.Debug = "False"
		VWDPort = "50039"
	EndProjectSection
EndProject
Global
	GlobalSection(SolutionConfigurationPlatforms) = preSolution
		Debug|.NET = Debug|.NET
	EndGlobalSection
	GlobalSection(ProjectConfigurationPlatforms) = postSolution
		{8CC59FE3-6417-4757-A013-98F2D1158248}.Debug|.NET.ActiveCfg = Debug|Any CPU
		{8CC59FE3-6417-4757-A013-98F2D1158248}.Debug|.NET.Build.0 = Debug|Any CPU
	EndGlobalSection
	GlobalSection(SolutionProperties) = preSolution
		HideSolutionNode = FALSE
	EndGlobalSection
	GlobalSection(ExtensibilityGlobals) = postSolution
		SolutionGuid = {8773B0E5-BDAB-40DD-A3FA-DF6D2FBDB06D}
	EndGlobalSection
EndGlobal
